
Microsoft Visual Studio Solution File, Format Version 12.00
# Visual Studio 2012
Project("{E24C65DC-7377-472B-9ABA-BC803B73C61A}") = "essential", "..\..\..\..\..\..\Websites\Local Copy\essential\", "{EE735771-A0F4-4133-BC73-28BA377D62BD}"
	ProjectSection(WebsiteProperties) = preProject
		TargetFrameworkMoniker = ".NETFramework,Version%3Dv4.0"
		Debug.AspNetCompiler.VirtualPath = "/essential"
		Debug.AspNetCompiler.PhysicalPath = "..\..\..\..\..\..\Websites\Local Copy\essential\"
		Debug.AspNetCompiler.TargetPath = "PrecompiledWeb\essential\"
		Debug.AspNetCompiler.Updateable = "true"
		Debug.AspNetCompiler.ForceOverwrite = "true"
		Debug.AspNetCompiler.FixedNames = "false"
		Debug.AspNetCompiler.Debug = "True"
		Release.AspNetCompiler.VirtualPath = "/essential"
		Release.AspNetCompiler.PhysicalPath = "..\..\..\..\..\..\Websites\Local Copy\essential\"
		Release.AspNetCompiler.TargetPath = "PrecompiledWeb\essential\"
		Release.AspNetCompiler.Updateable = "true"
		Release.AspNetCompiler.ForceOverwrite = "true"
		Release.AspNetCompiler.FixedNames = "false"
		Release.AspNetCompiler.Debug = "False"
		VWDPort = "1576"
	EndProjectSection
EndProject
Global
	GlobalSection(SolutionConfigurationPlatforms) = preSolution
		Debug|Any CPU = Debug|Any CPU
	EndGlobalSection
	GlobalSection(ProjectConfigurationPlatforms) = postSolution
		{EE735771-A0F4-4133-BC73-28BA377D62BD}.Debug|Any CPU.ActiveCfg = Debug|Any CPU
		{EE735771-A0F4-4133-BC73-28BA377D62BD}.Debug|Any CPU.Build.0 = Debug|Any CPU
	EndGlobalSection
	GlobalSection(SolutionProperties) = preSolution
		HideSolutionNode = FALSE
	EndGlobalSection
EndGlobal
